// !$*UTF8*$!
{
	archiveVersion = 1;
	classes = {
	};
	objectVersion = 56;
	objects = {

/* Begin PBXBuildFile section */
		1459009529DDCE090077DB4D /* AppDelegate.swift in Sources */ = {isa = PBXBuildFile; fileRef = 1459009429DDCE090077DB4D /* AppDelegate.swift */; };
		1459009729DDCE090077DB4D /* SceneDelegate.swift in Sources */ = {isa = PBXBuildFile; fileRef = 1459009629DDCE090077DB4D /* SceneDelegate.swift */; };
		1459009F29DDCE090077DB4D /* TestProject_4K_Soft.xcdatamodeld in Sources */ = {isa = PBXBuildFile; fileRef = 1459009D29DDCE090077DB4D /* TestProject_4K_Soft.xcdatamodeld */; };
		145900A129DDCE0A0077DB4D /* Assets.xcassets in Resources */ = {isa = PBXBuildFile; fileRef = 145900A029DDCE0A0077DB4D /* Assets.xcassets */; };
		145900A429DDCE0A0077DB4D /* LaunchScreen.storyboard in Resources */ = {isa = PBXBuildFile; fileRef = 145900A229DDCE0A0077DB4D /* LaunchScreen.storyboard */; };
		145900AF29DDD16E0077DB4D /* CoreDataService.swift in Sources */ = {isa = PBXBuildFile; fileRef = 145900AE29DDD16E0077DB4D /* CoreDataService.swift */; };
		145900B429DEB1F40077DB4D /* SnapKit in Frameworks */ = {isa = PBXBuildFile; productRef = 145900B329DEB1F40077DB4D /* SnapKit */; };
		145900B729DEB91F0077DB4D /* Assembler.swift in Sources */ = {isa = PBXBuildFile; fileRef = 145900B629DEB91F0077DB4D /* Assembler.swift */; };
		145900B929DEB9270077DB4D /* Navigator.swift in Sources */ = {isa = PBXBuildFile; fileRef = 145900B829DEB9270077DB4D /* Navigator.swift */; };
		145900BE29DEBD400077DB4D /* Sk-Modernist-Mono.otf in Resources */ = {isa = PBXBuildFile; fileRef = 145900BB29DEBD400077DB4D /* Sk-Modernist-Mono.otf */; };
		145900BF29DEBD400077DB4D /* Sk-Modernist-Bold.otf in Resources */ = {isa = PBXBuildFile; fileRef = 145900BC29DEBD400077DB4D /* Sk-Modernist-Bold.otf */; };
		145900C029DEBD400077DB4D /* Sk-Modernist-Regular.otf in Resources */ = {isa = PBXBuildFile; fileRef = 145900BD29DEBD400077DB4D /* Sk-Modernist-Regular.otf */; };
		145900C229DF5E5A0077DB4D /* CustomFont.swift in Sources */ = {isa = PBXBuildFile; fileRef = 145900C129DF5E5A0077DB4D /* CustomFont.swift */; };
		145900C429DF64530077DB4D /* Colors.swift in Sources */ = {isa = PBXBuildFile; fileRef = 145900C329DF64530077DB4D /* Colors.swift */; };
		145900C629E020430077DB4D /* Constants.swift in Sources */ = {isa = PBXBuildFile; fileRef = 145900C529E020430077DB4D /* Constants.swift */; };
		145900C929E02E7D0077DB4D /* DoorsViewController .swift in Sources */ = {isa = PBXBuildFile; fileRef = 145900C829E02E7D0077DB4D /* DoorsViewController .swift */; };
		145900CC29E031580077DB4D /* Container.swift in Sources */ = {isa = PBXBuildFile; fileRef = 145900CB29E031580077DB4D /* Container.swift */; };
		1492433F29E0AB6B005B8EEB /* ViewController.swift in Sources */ = {isa = PBXBuildFile; fileRef = 1492433E29E0AB6B005B8EEB /* ViewController.swift */; };
		1492434429E165C5005B8EEB /* Door.swift in Sources */ = {isa = PBXBuildFile; fileRef = 1492434329E165C5005B8EEB /* Door.swift */; };
		1492434629E16C05005B8EEB /* ActivitityIndicator+Extension.swift in Sources */ = {isa = PBXBuildFile; fileRef = 1492434529E16C05005B8EEB /* ActivitityIndicator+Extension.swift */; };
		1492434929E16F6D005B8EEB /* Closure+Extension.swift in Sources */ = {isa = PBXBuildFile; fileRef = 1492434829E16F6D005B8EEB /* Closure+Extension.swift */; };
		1492434B29E16F90005B8EEB /* Task+Extension.swift in Sources */ = {isa = PBXBuildFile; fileRef = 1492434A29E16F90005B8EEB /* Task+Extension.swift */; };
		1492434D29E171B8005B8EEB /* TableView+Extension.swift in Sources */ = {isa = PBXBuildFile; fileRef = 1492434C29E171B8005B8EEB /* TableView+Extension.swift */; };
		1492434F29E29F81005B8EEB /* DataSource.swift in Sources */ = {isa = PBXBuildFile; fileRef = 1492434E29E29F81005B8EEB /* DataSource.swift */; };
		1492435229E2A068005B8EEB /* DoorCell.swift in Sources */ = {isa = PBXBuildFile; fileRef = 1492435129E2A068005B8EEB /* DoorCell.swift */; };
		1492435A29E2A324005B8EEB /* ProgressView.swift in Sources */ = {isa = PBXBuildFile; fileRef = 1492435929E2A324005B8EEB /* ProgressView.swift */; };
/* End PBXBuildFile section */

/* Begin PBXFileReference section */
		1459009129DDCE090077DB4D /* TestProject_4K_Soft.app */ = {isa = PBXFileReference; explicitFileType = wrapper.application; includeInIndex = 0; path = TestProject_4K_Soft.app; sourceTree = BUILT_PRODUCTS_DIR; };
		1459009429DDCE090077DB4D /* AppDelegate.swift */ = {isa = PBXFileReference; lastKnownFileType = sourcecode.swift; path = AppDelegate.swift; sourceTree = "<group>"; };
		1459009629DDCE090077DB4D /* SceneDelegate.swift */ = {isa = PBXFileReference; lastKnownFileType = sourcecode.swift; path = SceneDelegate.swift; sourceTree = "<group>"; };
		1459009E29DDCE090077DB4D /* TestProject_4K_Soft.xcdatamodel */ = {isa = PBXFileReference; lastKnownFileType = wrapper.xcdatamodel; path = TestProject_4K_Soft.xcdatamodel; sourceTree = "<group>"; };
		145900A029DDCE0A0077DB4D /* Assets.xcassets */ = {isa = PBXFileReference; lastKnownFileType = folder.assetcatalog; path = Assets.xcassets; sourceTree = "<group>"; };
		145900A329DDCE0A0077DB4D /* Base */ = {isa = PBXFileReference; lastKnownFileType = file.storyboard; name = Base; path = Base.lproj/LaunchScreen.storyboard; sourceTree = "<group>"; };
		145900A529DDCE0A0077DB4D /* Info.plist */ = {isa = PBXFileReference; lastKnownFileType = text.plist.xml; path = Info.plist; sourceTree = "<group>"; };
		145900AE29DDD16E0077DB4D /* CoreDataService.swift */ = {isa = PBXFileReference; lastKnownFileType = sourcecode.swift; path = CoreDataService.swift; sourceTree = "<group>"; };
		145900B629DEB91F0077DB4D /* Assembler.swift */ = {isa = PBXFileReference; lastKnownFileType = sourcecode.swift; path = Assembler.swift; sourceTree = "<group>"; };
		145900B829DEB9270077DB4D /* Navigator.swift */ = {isa = PBXFileReference; lastKnownFileType = sourcecode.swift; path = Navigator.swift; sourceTree = "<group>"; };
		145900BB29DEBD400077DB4D /* Sk-Modernist-Mono.otf */ = {isa = PBXFileReference; lastKnownFileType = file; path = "Sk-Modernist-Mono.otf"; sourceTree = "<group>"; };
		145900BC29DEBD400077DB4D /* Sk-Modernist-Bold.otf */ = {isa = PBXFileReference; lastKnownFileType = file; path = "Sk-Modernist-Bold.otf"; sourceTree = "<group>"; };
		145900BD29DEBD400077DB4D /* Sk-Modernist-Regular.otf */ = {isa = PBXFileReference; lastKnownFileType = file; path = "Sk-Modernist-Regular.otf"; sourceTree = "<group>"; };
		145900C129DF5E5A0077DB4D /* CustomFont.swift */ = {isa = PBXFileReference; lastKnownFileType = sourcecode.swift; path = CustomFont.swift; sourceTree = "<group>"; };
		145900C329DF64530077DB4D /* Colors.swift */ = {isa = PBXFileReference; lastKnownFileType = sourcecode.swift; path = Colors.swift; sourceTree = "<group>"; };
		145900C529E020430077DB4D /* Constants.swift */ = {isa = PBXFileReference; lastKnownFileType = sourcecode.swift; path = Constants.swift; sourceTree = "<group>"; };
		145900C829E02E7D0077DB4D /* DoorsViewController .swift */ = {isa = PBXFileReference; lastKnownFileType = sourcecode.swift; path = "DoorsViewController .swift"; sourceTree = "<group>"; };
		145900CB29E031580077DB4D /* Container.swift */ = {isa = PBXFileReference; lastKnownFileType = sourcecode.swift; path = Container.swift; sourceTree = "<group>"; };
		1492433E29E0AB6B005B8EEB /* ViewController.swift */ = {isa = PBXFileReference; lastKnownFileType = sourcecode.swift; path = ViewController.swift; sourceTree = "<group>"; };
		1492434329E165C5005B8EEB /* Door.swift */ = {isa = PBXFileReference; lastKnownFileType = sourcecode.swift; path = Door.swift; sourceTree = "<group>"; };
		1492434529E16C05005B8EEB /* ActivitityIndicator+Extension.swift */ = {isa = PBXFileReference; lastKnownFileType = sourcecode.swift; path = "ActivitityIndicator+Extension.swift"; sourceTree = "<group>"; };
		1492434829E16F6D005B8EEB /* Closure+Extension.swift */ = {isa = PBXFileReference; lastKnownFileType = sourcecode.swift; path = "Closure+Extension.swift"; sourceTree = "<group>"; };
		1492434A29E16F90005B8EEB /* Task+Extension.swift */ = {isa = PBXFileReference; lastKnownFileType = sourcecode.swift; path = "Task+Extension.swift"; sourceTree = "<group>"; };
		1492434C29E171B8005B8EEB /* TableView+Extension.swift */ = {isa = PBXFileReference; lastKnownFileType = sourcecode.swift; path = "TableView+Extension.swift"; sourceTree = "<group>"; };
		1492434E29E29F81005B8EEB /* DataSource.swift */ = {isa = PBXFileReference; lastKnownFileType = sourcecode.swift; path = DataSource.swift; sourceTree = "<group>"; };
		1492435129E2A068005B8EEB /* DoorCell.swift */ = {isa = PBXFileReference; lastKnownFileType = sourcecode.swift; path = DoorCell.swift; sourceTree = "<group>"; };
		1492435929E2A324005B8EEB /* ProgressView.swift */ = {isa = PBXFileReference; lastKnownFileType = sourcecode.swift; path = ProgressView.swift; sourceTree = "<group>"; };
/* End PBXFileReference section */

/* Begin PBXFrameworksBuildPhase section */
		1459008E29DDCE090077DB4D /* Frameworks */ = {
			isa = PBXFrameworksBuildPhase;
			buildActionMask = 2147483647;
			files = (
				145900B429DEB1F40077DB4D /* SnapKit in Frameworks */,
			);
			runOnlyForDeploymentPostprocessing = 0;
		};
/* End PBXFrameworksBuildPhase section */

/* Begin PBXGroup section */
		1459008829DDCE090077DB4D = {
			isa = PBXGroup;
			children = (
				1459009329DDCE090077DB4D /* TestProject_4K_Soft */,
				1459009229DDCE090077DB4D /* Products */,
			);
			sourceTree = "<group>";
		};
		1459009229DDCE090077DB4D /* Products */ = {
			isa = PBXGroup;
			children = (
				1459009129DDCE090077DB4D /* TestProject_4K_Soft.app */,
			);
			name = Products;
			sourceTree = "<group>";
		};
		1459009329DDCE090077DB4D /* TestProject_4K_Soft */ = {
			isa = PBXGroup;
			children = (
				1492434229E1659E005B8EEB /* Models */,
				1492434129E16590005B8EEB /* Extension */,
				1492434029E16580005B8EEB /* CustomView */,
				145900C729E02E530077DB4D /* Screens */,
				145900CA29E0314F0077DB4D /* Container */,
				145900B529DEB9020077DB4D /* Services */,
				145900B129DEAE070077DB4D /* Source */,
				145900A229DDCE0A0077DB4D /* LaunchScreen.storyboard */,
				145900B029DDD1D00077DB4D /* Support */,
				145900AC29DDD1480077DB4D /* CoreData */,
			);
			path = TestProject_4K_Soft;
			sourceTree = "<group>";
		};
		145900AC29DDD1480077DB4D /* CoreData */ = {
			isa = PBXGroup;
			children = (
				1459009D29DDCE090077DB4D /* TestProject_4K_Soft.xcdatamodeld */,
				145900AE29DDD16E0077DB4D /* CoreDataService.swift */,
			);
			path = CoreData;
			sourceTree = "<group>";
		};
		145900B029DDD1D00077DB4D /* Support */ = {
			isa = PBXGroup;
			children = (
				1459009629DDCE090077DB4D /* SceneDelegate.swift */,
				1459009429DDCE090077DB4D /* AppDelegate.swift */,
				145900A529DDCE0A0077DB4D /* Info.plist */,
			);
			path = Support;
			sourceTree = "<group>";
		};
		145900B129DEAE070077DB4D /* Source */ = {
			isa = PBXGroup;
			children = (
				145900C529E020430077DB4D /* Constants.swift */,
				145900C329DF64530077DB4D /* Colors.swift */,
				145900BA29DEBD050077DB4D /* Font */,
				145900A029DDCE0A0077DB4D /* Assets.xcassets */,
			);
			path = Source;
			sourceTree = "<group>";
		};
		145900B529DEB9020077DB4D /* Services */ = {
			isa = PBXGroup;
			children = (
				145900B629DEB91F0077DB4D /* Assembler.swift */,
				145900B829DEB9270077DB4D /* Navigator.swift */,
			);
			path = Services;
			sourceTree = "<group>";
		};
		145900BA29DEBD050077DB4D /* Font */ = {
			isa = PBXGroup;
			children = (
				145900BC29DEBD400077DB4D /* Sk-Modernist-Bold.otf */,
				145900BB29DEBD400077DB4D /* Sk-Modernist-Mono.otf */,
				145900BD29DEBD400077DB4D /* Sk-Modernist-Regular.otf */,
				145900C129DF5E5A0077DB4D /* CustomFont.swift */,
			);
			path = Font;
			sourceTree = "<group>";
		};
		145900C729E02E530077DB4D /* Screens */ = {
			isa = PBXGroup;
			children = (
				1492433E29E0AB6B005B8EEB /* ViewController.swift */,
				1492433D29E0AB40005B8EEB /* DoorsTableView */,
				1492433B29E0AB1F005B8EEB /* DoorsScreen */,
			);
			path = Screens;
			sourceTree = "<group>";
		};
		145900CA29E0314F0077DB4D /* Container */ = {
			isa = PBXGroup;
			children = (
				145900CB29E031580077DB4D /* Container.swift */,
			);
			path = Container;
			sourceTree = "<group>";
		};
		1492433B29E0AB1F005B8EEB /* DoorsScreen */ = {
			isa = PBXGroup;
			children = (
				145900C829E02E7D0077DB4D /* DoorsViewController .swift */,
			);
			path = DoorsScreen;
			sourceTree = "<group>";
		};
		1492433D29E0AB40005B8EEB /* DoorsTableView */ = {
			isa = PBXGroup;
			children = (
				1492435029E2A059005B8EEB /* Cell */,
				1492434E29E29F81005B8EEB /* DataSource.swift */,
			);
			path = DoorsTableView;
			sourceTree = "<group>";
		};
		1492434029E16580005B8EEB /* CustomView */ = {
			isa = PBXGroup;
			children = (
				1492435929E2A324005B8EEB /* ProgressView.swift */,
			);
			path = CustomView;
			sourceTree = "<group>";
		};
		1492434129E16590005B8EEB /* Extension */ = {
			isa = PBXGroup;
			children = (
				1492434529E16C05005B8EEB /* ActivitityIndicator+Extension.swift */,
				1492434829E16F6D005B8EEB /* Closure+Extension.swift */,
				1492434A29E16F90005B8EEB /* Task+Extension.swift */,
				1492434C29E171B8005B8EEB /* TableView+Extension.swift */,
			);
			path = Extension;
			sourceTree = "<group>";
		};
		1492434229E1659E005B8EEB /* Models */ = {
			isa = PBXGroup;
			children = (
				1492434329E165C5005B8EEB /* Door.swift */,
			);
			path = Models;
			sourceTree = "<group>";
		};
		1492435029E2A059005B8EEB /* Cell */ = {
			isa = PBXGroup;
			children = (
				1492435129E2A068005B8EEB /* DoorCell.swift */,
			);
			path = Cell;
			sourceTree = "<group>";
		};
/* End PBXGroup section */

/* Begin PBXNativeTarget section */
		1459009029DDCE090077DB4D /* TestProject_4K_Soft */ = {
			isa = PBXNativeTarget;
			buildConfigurationList = 145900A829DDCE0A0077DB4D /* Build configuration list for PBXNativeTarget "TestProject_4K_Soft" */;
			buildPhases = (
				1459008D29DDCE090077DB4D /* Sources */,
				1459008E29DDCE090077DB4D /* Frameworks */,
				1459008F29DDCE090077DB4D /* Resources */,
			);
			buildRules = (
			);
			dependencies = (
			);
			name = TestProject_4K_Soft;
			packageProductDependencies = (
				145900B329DEB1F40077DB4D /* SnapKit */,
			);
			productName = TestProject_4K_Soft;
			productReference = 1459009129DDCE090077DB4D /* TestProject_4K_Soft.app */;
			productType = "com.apple.product-type.application";
		};
/* End PBXNativeTarget section */

/* Begin PBXProject section */
		1459008929DDCE090077DB4D /* Project object */ = {
			isa = PBXProject;
			attributes = {
				BuildIndependentTargetsInParallel = 1;
				LastSwiftUpdateCheck = 1400;
				LastUpgradeCheck = 1400;
				TargetAttributes = {
					1459009029DDCE090077DB4D = {
						CreatedOnToolsVersion = 14.0.1;
					};
				};
			};
			buildConfigurationList = 1459008C29DDCE090077DB4D /* Build configuration list for PBXProject "TestProject_4K_Soft" */;
			compatibilityVersion = "Xcode 14.0";
			developmentRegion = en;
			hasScannedForEncodings = 0;
			knownRegions = (
				en,
				Base,
			);
			mainGroup = 1459008829DDCE090077DB4D;
			packageReferences = (
				145900B229DEB1F40077DB4D /* XCRemoteSwiftPackageReference "SnapKit" */,
			);
			productRefGroup = 1459009229DDCE090077DB4D /* Products */;
			projectDirPath = "";
			projectRoot = "";
			targets = (
				1459009029DDCE090077DB4D /* TestProject_4K_Soft */,
			);
		};
/* End PBXProject section */

/* Begin PBXResourcesBuildPhase section */
		1459008F29DDCE090077DB4D /* Resources */ = {
			isa = PBXResourcesBuildPhase;
			buildActionMask = 2147483647;
			files = (
				145900C029DEBD400077DB4D /* Sk-Modernist-Regular.otf in Resources */,
				145900A429DDCE0A0077DB4D /* LaunchScreen.storyboard in Resources */,
				145900A129DDCE0A0077DB4D /* Assets.xcassets in Resources */,
				145900BF29DEBD400077DB4D /* Sk-Modernist-Bold.otf in Resources */,
				145900BE29DEBD400077DB4D /* Sk-Modernist-Mono.otf in Resources */,
			);
			runOnlyForDeploymentPostprocessing = 0;
		};
/* End PBXResourcesBuildPhase section */

/* Begin PBXSourcesBuildPhase section */
		1459008D29DDCE090077DB4D /* Sources */ = {
			isa = PBXSourcesBuildPhase;
			buildActionMask = 2147483647;
			files = (
				145900C229DF5E5A0077DB4D /* CustomFont.swift in Sources */,
				145900C429DF64530077DB4D /* Colors.swift in Sources */,
				1459009F29DDCE090077DB4D /* TestProject_4K_Soft.xcdatamodeld in Sources */,
				145900AF29DDD16E0077DB4D /* CoreDataService.swift in Sources */,
				145900B729DEB91F0077DB4D /* Assembler.swift in Sources */,
				145900C929E02E7D0077DB4D /* DoorsViewController .swift in Sources */,
				1492433F29E0AB6B005B8EEB /* ViewController.swift in Sources */,
				1492434629E16C05005B8EEB /* ActivitityIndicator+Extension.swift in Sources */,
				1492435229E2A068005B8EEB /* DoorCell.swift in Sources */,
				1459009529DDCE090077DB4D /* AppDelegate.swift in Sources */,
				1492434429E165C5005B8EEB /* Door.swift in Sources */,
				1492434B29E16F90005B8EEB /* Task+Extension.swift in Sources */,
				1459009729DDCE090077DB4D /* SceneDelegate.swift in Sources */,
				1492434F29E29F81005B8EEB /* DataSource.swift in Sources */,
				145900B929DEB9270077DB4D /* Navigator.swift in Sources */,
				145900CC29E031580077DB4D /* Container.swift in Sources */,
				1492434929E16F6D005B8EEB /* Closure+Extension.swift in Sources */,
				1492435A29E2A324005B8EEB /* ProgressView.swift in Sources */,
				145900C629E020430077DB4D /* Constants.swift in Sources */,
				1492434D29E171B8005B8EEB /* TableView+Extension.swift in Sources */,
			);
			runOnlyForDeploymentPostprocessing = 0;
		};
/* End PBXSourcesBuildPhase section */

/* Begin PBXVariantGroup section */
		145900A229DDCE0A0077DB4D /* LaunchScreen.storyboard */ = {
			isa = PBXVariantGroup;
			children = (
				145900A329DDCE0A0077DB4D /* Base */,
			);
			name = LaunchScreen.storyboard;
			sourceTree = "<group>";
		};
/* End PBXVariantGroup section */

/* Begin XCBuildConfiguration section */
		145900A629DDCE0A0077DB4D /* Debug */ = {
			isa = XCBuildConfiguration;
			buildSettings = {
				ALWAYS_SEARCH_USER_PATHS = NO;
				CLANG_ANALYZER_NONNULL = YES;
				CLANG_ANALYZER_NUMBER_OBJECT_CONVERSION = YES_AGGRESSIVE;
				CLANG_CXX_LANGUAGE_STANDARD = "gnu++20";
				CLANG_ENABLE_MODULES = YES;
				CLANG_ENABLE_OBJC_ARC = YES;
				CLANG_ENABLE_OBJC_WEAK = YES;
				CLANG_WARN_BLOCK_CAPTURE_AUTORELEASING = YES;
				CLANG_WARN_BOOL_CONVERSION = YES;
				CLANG_WARN_COMMA = YES;
				CLANG_WARN_CONSTANT_CONVERSION = YES;
				CLANG_WARN_DEPRECATED_OBJC_IMPLEMENTATIONS = YES;
				CLANG_WARN_DIRECT_OBJC_ISA_USAGE = YES_ERROR;
				CLANG_WARN_DOCUMENTATION_COMMENTS = YES;
				CLANG_WARN_EMPTY_BODY = YES;
				CLANG_WARN_ENUM_CONVERSION = YES;
				CLANG_WARN_INFINITE_RECURSION = YES;
				CLANG_WARN_INT_CONVERSION = YES;
				CLANG_WARN_NON_LITERAL_NULL_CONVERSION = YES;
				CLANG_WARN_OBJC_IMPLICIT_RETAIN_SELF = YES;
				CLANG_WARN_OBJC_LITERAL_CONVERSION = YES;
				CLANG_WARN_OBJC_ROOT_CLASS = YES_ERROR;
				CLANG_WARN_QUOTED_INCLUDE_IN_FRAMEWORK_HEADER = YES;
				CLANG_WARN_RANGE_LOOP_ANALYSIS = YES;
				CLANG_WARN_STRICT_PROTOTYPES = YES;
				CLANG_WARN_SUSPICIOUS_MOVE = YES;
				CLANG_WARN_UNGUARDED_AVAILABILITY = YES_AGGRESSIVE;
				CLANG_WARN_UNREACHABLE_CODE = YES;
				CLANG_WARN__DUPLICATE_METHOD_MATCH = YES;
				COPY_PHASE_STRIP = NO;
				DEBUG_INFORMATION_FORMAT = dwarf;
				ENABLE_STRICT_OBJC_MSGSEND = YES;
				ENABLE_TESTABILITY = YES;
				GCC_C_LANGUAGE_STANDARD = gnu11;
				GCC_DYNAMIC_NO_PIC = NO;
				GCC_NO_COMMON_BLOCKS = YES;
				GCC_OPTIMIZATION_LEVEL = 0;
				GCC_PREPROCESSOR_DEFINITIONS = (
					"DEBUG=1",
					"$(inherited)",
				);
				GCC_WARN_64_TO_32_BIT_CONVERSION = YES;
				GCC_WARN_ABOUT_RETURN_TYPE = YES_ERROR;
				GCC_WARN_UNDECLARED_SELECTOR = YES;
				GCC_WARN_UNINITIALIZED_AUTOS = YES_AGGRESSIVE;
				GCC_WARN_UNUSED_FUNCTION = YES;
				GCC_WARN_UNUSED_VARIABLE = YES;
				IPHONEOS_DEPLOYMENT_TARGET = 16.0;
				MTL_ENABLE_DEBUG_INFO = INCLUDE_SOURCE;
				MTL_FAST_MATH = YES;
				ONLY_ACTIVE_ARCH = YES;
				SDKROOT = iphoneos;
				SWIFT_ACTIVE_COMPILATION_CONDITIONS = DEBUG;
				SWIFT_OPTIMIZATION_LEVEL = "-Onone";
			};
			name = Debug;
		};
		145900A729DDCE0A0077DB4D /* Release */ = {
			isa = XCBuildConfiguration;
			buildSettings = {
				ALWAYS_SEARCH_USER_PATHS = NO;
				CLANG_ANALYZER_NONNULL = YES;
				CLANG_ANALYZER_NUMBER_OBJECT_CONVERSION = YES_AGGRESSIVE;
				CLANG_CXX_LANGUAGE_STANDARD = "gnu++20";
				CLANG_ENABLE_MODULES = YES;
				CLANG_ENABLE_OBJC_ARC = YES;
				CLANG_ENABLE_OBJC_WEAK = YES;
				CLANG_WARN_BLOCK_CAPTURE_AUTORELEASING = YES;
				CLANG_WARN_BOOL_CONVERSION = YES;
				CLANG_WARN_COMMA = YES;
				CLANG_WARN_CONSTANT_CONVERSION = YES;
				CLANG_WARN_DEPRECATED_OBJC_IMPLEMENTATIONS = YES;
				CLANG_WARN_DIRECT_OBJC_ISA_USAGE = YES_ERROR;
				CLANG_WARN_DOCUMENTATION_COMMENTS = YES;
				CLANG_WARN_EMPTY_BODY = YES;
				CLANG_WARN_ENUM_CONVERSION = YES;
				CLANG_WARN_INFINITE_RECURSION = YES;
				CLANG_WARN_INT_CONVERSION = YES;
				CLANG_WARN_NON_LITERAL_NULL_CONVERSION = YES;
				CLANG_WARN_OBJC_IMPLICIT_RETAIN_SELF = YES;
				CLANG_WARN_OBJC_LITERAL_CONVERSION = YES;
				CLANG_WARN_OBJC_ROOT_CLASS = YES_ERROR;
				CLANG_WARN_QUOTED_INCLUDE_IN_FRAMEWORK_HEADER = YES;
				CLANG_WARN_RANGE_LOOP_ANALYSIS = YES;
				CLANG_WARN_STRICT_PROTOTYPES = YES;
				CLANG_WARN_SUSPICIOUS_MOVE = YES;
				CLANG_WARN_UNGUARDED_AVAILABILITY = YES_AGGRESSIVE;
				CLANG_WARN_UNREACHABLE_CODE = YES;
				CLANG_WARN__DUPLICATE_METHOD_MATCH = YES;
				COPY_PHASE_STRIP = NO;
				DEBUG_INFORMATION_FORMAT = "dwarf-with-dsym";
				ENABLE_NS_ASSERTIONS = NO;
				ENABLE_STRICT_OBJC_MSGSEND = YES;
				GCC_C_LANGUAGE_STANDARD = gnu11;
				GCC_NO_COMMON_BLOCKS = YES;
				GCC_WARN_64_TO_32_BIT_CONVERSION = YES;
				GCC_WARN_ABOUT_RETURN_TYPE = YES_ERROR;
				GCC_WARN_UNDECLARED_SELECTOR = YES;
				GCC_WARN_UNINITIALIZED_AUTOS = YES_AGGRESSIVE;
				GCC_WARN_UNUSED_FUNCTION = YES;
				GCC_WARN_UNUSED_VARIABLE = YES;
				IPHONEOS_DEPLOYMENT_TARGET = 16.0;
				MTL_ENABLE_DEBUG_INFO = NO;
				MTL_FAST_MATH = YES;
				SDKROOT = iphoneos;
				SWIFT_COMPILATION_MODE = wholemodule;
				SWIFT_OPTIMIZATION_LEVEL = "-O";
				VALIDATE_PRODUCT = YES;
			};
			name = Release;
		};
		145900A929DDCE0A0077DB4D /* Debug */ = {
			isa = XCBuildConfiguration;
			buildSettings = {
				ASSETCATALOG_COMPILER_APPICON_NAME = AppIcon;
				ASSETCATALOG_COMPILER_GLOBAL_ACCENT_COLOR_NAME = AccentColor;
				CODE_SIGN_STYLE = Automatic;
				CURRENT_PROJECT_VERSION = 1;
				DEVELOPMENT_TEAM = 4U5S5LAP79;
				GENERATE_INFOPLIST_FILE = YES;
				INFOPLIST_FILE = TestProject_4K_Soft/Info.plist;
				INFOPLIST_KEY_UIApplicationSupportsIndirectInputEvents = YES;
				INFOPLIST_KEY_UILaunchStoryboardName = LaunchScreen;
				INFOPLIST_KEY_UISupportedInterfaceOrientations_iPad = "UIInterfaceOrientationPortrait UIInterfaceOrientationPortraitUpsideDown UIInterfaceOrientationLandscapeLeft UIInterfaceOrientationLandscapeRight";
				INFOPLIST_KEY_UISupportedInterfaceOrientations_iPhone = "UIInterfaceOrientationPortrait UIInterfaceOrientationLandscapeLeft UIInterfaceOrientationLandscapeRight";
				IPHONEOS_DEPLOYMENT_TARGET = 15.0;
				LD_RUNPATH_SEARCH_PATHS = (
					"$(inherited)",
					"@executable_path/Frameworks",
				);
				MARKETING_VERSION = 1.0;
				PRODUCT_BUNDLE_IDENTIFIER = "lesson1.TestProject-4K-Soft";
				PRODUCT_NAME = "$(TARGET_NAME)";
				SWIFT_EMIT_LOC_STRINGS = YES;
				SWIFT_VERSION = 5.0;
				TARGETED_DEVICE_FAMILY = "1,2";
			};
			name = Debug;
		};
		145900AA29DDCE0A0077DB4D /* Release */ = {
			isa = XCBuildConfiguration;
			buildSettings = {
				ASSETCATALOG_COMPILER_APPICON_NAME = AppIcon;
				ASSETCATALOG_COMPILER_GLOBAL_ACCENT_COLOR_NAME = AccentColor;
				CODE_SIGN_STYLE = Automatic;
				CURRENT_PROJECT_VERSION = 1;
				DEVELOPMENT_TEAM = 4U5S5LAP79;
				GENERATE_INFOPLIST_FILE = YES;
				INFOPLIST_FILE = TestProject_4K_Soft/Info.plist;
				INFOPLIST_KEY_UIApplicationSupportsIndirectInputEvents = YES;
				INFOPLIST_KEY_UILaunchStoryboardName = LaunchScreen;
				INFOPLIST_KEY_UISupportedInterfaceOrientations_iPad = "UIInterfaceOrientationPortrait UIInterfaceOrientationPortraitUpsideDown UIInterfaceOrientationLandscapeLeft UIInterfaceOrientationLandscapeRight";
				INFOPLIST_KEY_UISupportedInterfaceOrientations_iPhone = "UIInterfaceOrientationPortrait UIInterfaceOrientationLandscapeLeft UIInterfaceOrientationLandscapeRight";
				IPHONEOS_DEPLOYMENT_TARGET = 15.0;
				LD_RUNPATH_SEARCH_PATHS = (
					"$(inherited)",
					"@executable_path/Frameworks",
				);
				MARKETING_VERSION = 1.0;
				PRODUCT_BUNDLE_IDENTIFIER = "lesson1.TestProject-4K-Soft";
				PRODUCT_NAME = "$(TARGET_NAME)";
				SWIFT_EMIT_LOC_STRINGS = YES;
				SWIFT_VERSION = 5.0;
				TARGETED_DEVICE_FAMILY = "1,2";
			};
			name = Release;
		};
/* End XCBuildConfiguration section */

/* Begin XCConfigurationList section */
		1459008C29DDCE090077DB4D /* Build configuration list for PBXProject "TestProject_4K_Soft" */ = {
			isa = XCConfigurationList;
			buildConfigurations = (
				145900A629DDCE0A0077DB4D /* Debug */,
				145900A729DDCE0A0077DB4D /* Release */,
			);
			defaultConfigurationIsVisible = 0;
			defaultConfigurationName = Release;
		};
		145900A829DDCE0A0077DB4D /* Build configuration list for PBXNativeTarget "TestProject_4K_Soft" */ = {
			isa = XCConfigurationList;
			buildConfigurations = (
				145900A929DDCE0A0077DB4D /* Debug */,
				145900AA29DDCE0A0077DB4D /* Release */,
			);
			defaultConfigurationIsVisible = 0;
			defaultConfigurationName = Release;
		};
/* End XCConfigurationList section */

/* Begin XCRemoteSwiftPackageReference section */
		145900B229DEB1F40077DB4D /* XCRemoteSwiftPackageReference "SnapKit" */ = {
			isa = XCRemoteSwiftPackageReference;
			repositoryURL = "https://github.com/SnapKit/SnapKit";
			requirement = {
				branch = develop;
				kind = branch;
			};
		};
/* End XCRemoteSwiftPackageReference section */

/* Begin XCSwiftPackageProductDependency section */
		145900B329DEB1F40077DB4D /* SnapKit */ = {
			isa = XCSwiftPackageProductDependency;
			package = 145900B229DEB1F40077DB4D /* XCRemoteSwiftPackageReference "SnapKit" */;
			productName = SnapKit;
		};
/* End XCSwiftPackageProductDependency section */

/* Begin XCVersionGroup section */
		1459009D29DDCE090077DB4D /* TestProject_4K_Soft.xcdatamodeld */ = {
			isa = XCVersionGroup;
			children = (
				1459009E29DDCE090077DB4D /* TestProject_4K_Soft.xcdatamodel */,
			);
			currentVersion = 1459009E29DDCE090077DB4D /* TestProject_4K_Soft.xcdatamodel */;
			path = TestProject_4K_Soft.xcdatamodeld;
			sourceTree = "<group>";
			versionGroupType = wrapper.xcdatamodel;
		};
/* End XCVersionGroup section */
	};
	rootObject = 1459008929DDCE090077DB4D /* Project object */;
}
